# This file is automatically @generated by Cargo.
# It is not intended for manual editing.
version = 4

[[package]]
name = "sotos-common"
version = "0.1.0"

[[package]]
name = "sotos-nvme"
version = "0.1.0"
dependencies = [
 "sotos-common",
]

[[package]]
name = "sotos-nvme-svc"
version = "0.1.0"
dependencies = [
 "sotos-common",
 "sotos-nvme",
 "sotos-pci",
]

[[package]]
name = "sotos-pci"
version = "0.1.0"
dependencies = [
 "sotos-common",
]
